// !$*UTF8*$!
{
	archiveVersion = 1;
	classes = {
	};
	objectVersion = 46;
	objects = {

/* Begin PBXBuildFile section */
		C576E8BA1C13DDA70076EC68 /* API.swift in Sources */ = {isa = PBXBuildFile; fileRef = C576E8B91C13DDA70076EC68 /* API.swift */; };
		C576E8BC1C13DDD40076EC68 /* AudioRecorder.swift in Sources */ = {isa = PBXBuildFile; fileRef = C576E8BB1C13DDD40076EC68 /* AudioRecorder.swift */; };
		C576E8BE1C13DDFC0076EC68 /* WitWrapper.swift in Sources */ = {isa = PBXBuildFile; fileRef = C576E8BD1C13DDFC0076EC68 /* WitWrapper.swift */; };
		C576E8C01C13DE170076EC68 /* Logic.swift in Sources */ = {isa = PBXBuildFile; fileRef = C576E8BF1C13DE170076EC68 /* Logic.swift */; };
		C5ABA0631C13901F0066B859 /* AppDelegate.swift in Sources */ = {isa = PBXBuildFile; fileRef = C5ABA0621C13901F0066B859 /* AppDelegate.swift */; };
		C5ABA06B1C13901F0066B859 /* Sky_Caramba.xcdatamodeld in Sources */ = {isa = PBXBuildFile; fileRef = C5ABA0691C13901F0066B859 /* Sky_Caramba.xcdatamodeld */; };
		C5ABA06D1C13901F0066B859 /* Assets.xcassets in Resources */ = {isa = PBXBuildFile; fileRef = C5ABA06C1C13901F0066B859 /* Assets.xcassets */; };
		C5ABA07B1C13901F0066B859 /* Sky_CarambaTests.swift in Sources */ = {isa = PBXBuildFile; fileRef = C5ABA07A1C13901F0066B859 /* Sky_CarambaTests.swift */; };
		C5ABA0861C13901F0066B859 /* Sky_CarambaUITests.swift in Sources */ = {isa = PBXBuildFile; fileRef = C5ABA0851C13901F0066B859 /* Sky_CarambaUITests.swift */; };
		C5ABA0941C1392A60066B859 /* NavigationController.swift in Sources */ = {isa = PBXBuildFile; fileRef = C5ABA0931C1392A60066B859 /* NavigationController.swift */; };
		C5ABA0A31C1396F60066B859 /* HomeViewController.swift in Sources */ = {isa = PBXBuildFile; fileRef = C5ABA0A11C1396F60066B859 /* HomeViewController.swift */; };
		C5ABA0A41C1396F60066B859 /* HomeViewController.xib in Resources */ = {isa = PBXBuildFile; fileRef = C5ABA0A21C1396F60066B859 /* HomeViewController.xib */; };
		C5ABA0A71C13971E0066B859 /* ConversationViewController.swift in Sources */ = {isa = PBXBuildFile; fileRef = C5ABA0A51C13971E0066B859 /* ConversationViewController.swift */; };
		C5ABA0A81C13971E0066B859 /* ConversationViewController.xib in Resources */ = {isa = PBXBuildFile; fileRef = C5ABA0A61C13971E0066B859 /* ConversationViewController.xib */; };
		C5ABA0AA1C13979C0066B859 /* UIViewController.swift in Sources */ = {isa = PBXBuildFile; fileRef = C5ABA0A91C13979C0066B859 /* UIViewController.swift */; };
		C5ABA0B31C13BDEE0066B859 /* ConCellTableViewCell.swift in Sources */ = {isa = PBXBuildFile; fileRef = C5ABA0B21C13BDEE0066B859 /* ConCellTableViewCell.swift */; };
		C5ABA0B51C13BF380066B859 /* ResponseTableViewCell.swift in Sources */ = {isa = PBXBuildFile; fileRef = C5ABA0B41C13BF380066B859 /* ResponseTableViewCell.swift */; };
		C5ABA0B81C13BF6C0066B859 /* MovieTableViewCell.swift in Sources */ = {isa = PBXBuildFile; fileRef = C5ABA0B61C13BF6C0066B859 /* MovieTableViewCell.swift */; };
		C5ABA0B91C13BF6C0066B859 /* MovieTableViewCell.xib in Resources */ = {isa = PBXBuildFile; fileRef = C5ABA0B71C13BF6C0066B859 /* MovieTableViewCell.xib */; };
		C5ABA0BB1C13C1840066B859 /* Data.swift in Sources */ = {isa = PBXBuildFile; fileRef = C5ABA0BA1C13C1840066B859 /* Data.swift */; };
		E1C290E143098566FAB50E74 /* Pods_Sky_Caramba.framework in Frameworks */ = {isa = PBXBuildFile; fileRef = 105282048BAE43D258279248 /* Pods_Sky_Caramba.framework */; };
/* End PBXBuildFile section */

/* Begin PBXContainerItemProxy section */
		C5ABA0771C13901F0066B859 /* PBXContainerItemProxy */ = {
			isa = PBXContainerItemProxy;
			containerPortal = C5ABA0571C13901F0066B859 /* Project object */;
			proxyType = 1;
			remoteGlobalIDString = C5ABA05E1C13901F0066B859;
			remoteInfo = Sky_Caramba;
		};
		C5ABA0821C13901F0066B859 /* PBXContainerItemProxy */ = {
			isa = PBXContainerItemProxy;
			containerPortal = C5ABA0571C13901F0066B859 /* Project object */;
			proxyType = 1;
			remoteGlobalIDString = C5ABA05E1C13901F0066B859;
			remoteInfo = Sky_Caramba;
		};
/* End PBXContainerItemProxy section */

/* Begin PBXFileReference section */
		105282048BAE43D258279248 /* Pods_Sky_Caramba.framework */ = {isa = PBXFileReference; explicitFileType = wrapper.framework; includeInIndex = 0; path = Pods_Sky_Caramba.framework; sourceTree = BUILT_PRODUCTS_DIR; };
		108725444CB0BA5CCEB93B9D /* Pods-Sky_Caramba.release.xcconfig */ = {isa = PBXFileReference; includeInIndex = 1; lastKnownFileType = text.xcconfig; name = "Pods-Sky_Caramba.release.xcconfig"; path = "Pods/Target Support Files/Pods-Sky_Caramba/Pods-Sky_Caramba.release.xcconfig"; sourceTree = "<group>"; };
		C576E8B91C13DDA70076EC68 /* API.swift */ = {isa = PBXFileReference; fileEncoding = 4; lastKnownFileType = sourcecode.swift; path = API.swift; sourceTree = "<group>"; };
		C576E8BB1C13DDD40076EC68 /* AudioRecorder.swift */ = {isa = PBXFileReference; fileEncoding = 4; lastKnownFileType = sourcecode.swift; path = AudioRecorder.swift; sourceTree = "<group>"; };
		C576E8BD1C13DDFC0076EC68 /* WitWrapper.swift */ = {isa = PBXFileReference; fileEncoding = 4; lastKnownFileType = sourcecode.swift; path = WitWrapper.swift; sourceTree = "<group>"; };
		C576E8BF1C13DE170076EC68 /* Logic.swift */ = {isa = PBXFileReference; fileEncoding = 4; lastKnownFileType = sourcecode.swift; path = Logic.swift; sourceTree = "<group>"; };
		C5ABA05F1C13901F0066B859 /* Sky_Caramba.app */ = {isa = PBXFileReference; explicitFileType = wrapper.application; includeInIndex = 0; path = Sky_Caramba.app; sourceTree = BUILT_PRODUCTS_DIR; };
		C5ABA0621C13901F0066B859 /* AppDelegate.swift */ = {isa = PBXFileReference; lastKnownFileType = sourcecode.swift; path = AppDelegate.swift; sourceTree = "<group>"; };
		C5ABA06A1C13901F0066B859 /* Sky_Caramba.xcdatamodel */ = {isa = PBXFileReference; lastKnownFileType = wrapper.xcdatamodel; path = Sky_Caramba.xcdatamodel; sourceTree = "<group>"; };
		C5ABA06C1C13901F0066B859 /* Assets.xcassets */ = {isa = PBXFileReference; lastKnownFileType = folder.assetcatalog; path = Assets.xcassets; sourceTree = "<group>"; };
		C5ABA0711C13901F0066B859 /* Info.plist */ = {isa = PBXFileReference; lastKnownFileType = text.plist.xml; path = Info.plist; sourceTree = "<group>"; };
		C5ABA0761C13901F0066B859 /* Sky_CarambaTests.xctest */ = {isa = PBXFileReference; explicitFileType = wrapper.cfbundle; includeInIndex = 0; path = Sky_CarambaTests.xctest; sourceTree = BUILT_PRODUCTS_DIR; };
		C5ABA07A1C13901F0066B859 /* Sky_CarambaTests.swift */ = {isa = PBXFileReference; lastKnownFileType = sourcecode.swift; path = Sky_CarambaTests.swift; sourceTree = "<group>"; };
		C5ABA07C1C13901F0066B859 /* Info.plist */ = {isa = PBXFileReference; lastKnownFileType = text.plist.xml; path = Info.plist; sourceTree = "<group>"; };
		C5ABA0811C13901F0066B859 /* Sky_CarambaUITests.xctest */ = {isa = PBXFileReference; explicitFileType = wrapper.cfbundle; includeInIndex = 0; path = Sky_CarambaUITests.xctest; sourceTree = BUILT_PRODUCTS_DIR; };
		C5ABA0851C13901F0066B859 /* Sky_CarambaUITests.swift */ = {isa = PBXFileReference; lastKnownFileType = sourcecode.swift; path = Sky_CarambaUITests.swift; sourceTree = "<group>"; };
		C5ABA0871C13901F0066B859 /* Info.plist */ = {isa = PBXFileReference; lastKnownFileType = text.plist.xml; path = Info.plist; sourceTree = "<group>"; };
		C5ABA0931C1392A60066B859 /* NavigationController.swift */ = {isa = PBXFileReference; fileEncoding = 4; lastKnownFileType = sourcecode.swift; path = NavigationController.swift; sourceTree = "<group>"; };
		C5ABA0A11C1396F60066B859 /* HomeViewController.swift */ = {isa = PBXFileReference; fileEncoding = 4; lastKnownFileType = sourcecode.swift; name = HomeViewController.swift; path = ../HomeViewController.swift; sourceTree = "<group>"; };
		C5ABA0A21C1396F60066B859 /* HomeViewController.xib */ = {isa = PBXFileReference; fileEncoding = 4; lastKnownFileType = file.xib; name = HomeViewController.xib; path = ../HomeViewController.xib; sourceTree = "<group>"; };
		C5ABA0A51C13971E0066B859 /* ConversationViewController.swift */ = {isa = PBXFileReference; fileEncoding = 4; lastKnownFileType = sourcecode.swift; path = ConversationViewController.swift; sourceTree = "<group>"; };
		C5ABA0A61C13971E0066B859 /* ConversationViewController.xib */ = {isa = PBXFileReference; fileEncoding = 4; lastKnownFileType = file.xib; path = ConversationViewController.xib; sourceTree = "<group>"; };
		C5ABA0A91C13979C0066B859 /* UIViewController.swift */ = {isa = PBXFileReference; fileEncoding = 4; lastKnownFileType = sourcecode.swift; path = UIViewController.swift; sourceTree = "<group>"; };
		C5ABA0B21C13BDEE0066B859 /* ConCellTableViewCell.swift */ = {isa = PBXFileReference; fileEncoding = 4; lastKnownFileType = sourcecode.swift; path = ConCellTableViewCell.swift; sourceTree = "<group>"; };
		C5ABA0B41C13BF380066B859 /* ResponseTableViewCell.swift */ = {isa = PBXFileReference; fileEncoding = 4; lastKnownFileType = sourcecode.swift; path = ResponseTableViewCell.swift; sourceTree = "<group>"; };
		C5ABA0B61C13BF6C0066B859 /* MovieTableViewCell.swift */ = {isa = PBXFileReference; fileEncoding = 4; lastKnownFileType = sourcecode.swift; path = MovieTableViewCell.swift; sourceTree = "<group>"; };
		C5ABA0B71C13BF6C0066B859 /* MovieTableViewCell.xib */ = {isa = PBXFileReference; fileEncoding = 4; lastKnownFileType = file.xib; path = MovieTableViewCell.xib; sourceTree = "<group>"; };
		C5ABA0BA1C13C1840066B859 /* Data.swift */ = {isa = PBXFileReference; fileEncoding = 4; lastKnownFileType = sourcecode.swift; path = Data.swift; sourceTree = "<group>"; };
		E2C00E7774843FCDDBBEEB93 /* Pods-Sky_Caramba.debug.xcconfig */ = {isa = PBXFileReference; includeInIndex = 1; lastKnownFileType = text.xcconfig; name = "Pods-Sky_Caramba.debug.xcconfig"; path = "Pods/Target Support Files/Pods-Sky_Caramba/Pods-Sky_Caramba.debug.xcconfig"; sourceTree = "<group>"; };
/* End PBXFileReference section */

/* Begin PBXFrameworksBuildPhase section */
		C5ABA05C1C13901F0066B859 /* Frameworks */ = {
			isa = PBXFrameworksBuildPhase;
			buildActionMask = 2147483647;
			files = (
				E1C290E143098566FAB50E74 /* Pods_Sky_Caramba.framework in Frameworks */,
			);
			runOnlyForDeploymentPostprocessing = 0;
		};
		C5ABA0731C13901F0066B859 /* Frameworks */ = {
			isa = PBXFrameworksBuildPhase;
			buildActionMask = 2147483647;
			files = (
			);
			runOnlyForDeploymentPostprocessing = 0;
		};
		C5ABA07E1C13901F0066B859 /* Frameworks */ = {
			isa = PBXFrameworksBuildPhase;
			buildActionMask = 2147483647;
			files = (
			);
			runOnlyForDeploymentPostprocessing = 0;
		};
/* End PBXFrameworksBuildPhase section */

/* Begin PBXGroup section */
		2A7D7BAA997502BD78528D3F /* Frameworks */ = {
			isa = PBXGroup;
			children = (
				105282048BAE43D258279248 /* Pods_Sky_Caramba.framework */,
			);
			name = Frameworks;
			sourceTree = "<group>";
		};
		576593AB7ED6AC9101DB69BF /* Pods */ = {
			isa = PBXGroup;
			children = (
				E2C00E7774843FCDDBBEEB93 /* Pods-Sky_Caramba.debug.xcconfig */,
				108725444CB0BA5CCEB93B9D /* Pods-Sky_Caramba.release.xcconfig */,
			);
			name = Pods;
			sourceTree = "<group>";
		};
		C576E8B81C13DD880076EC68 /* Util */ = {
			isa = PBXGroup;
			children = (
				C576E8B91C13DDA70076EC68 /* API.swift */,
				C576E8BB1C13DDD40076EC68 /* AudioRecorder.swift */,
				C576E8BD1C13DDFC0076EC68 /* WitWrapper.swift */,
				C576E8BF1C13DE170076EC68 /* Logic.swift */,
			);
			name = Util;
			sourceTree = "<group>";
		};
		C5ABA0561C13901F0066B859 = {
			isa = PBXGroup;
			children = (
				C5ABA0611C13901F0066B859 /* Sky_Caramba */,
				C5ABA0791C13901F0066B859 /* Sky_CarambaTests */,
				C5ABA0841C13901F0066B859 /* Sky_CarambaUITests */,
				C5ABA0601C13901F0066B859 /* Products */,
				576593AB7ED6AC9101DB69BF /* Pods */,
				2A7D7BAA997502BD78528D3F /* Frameworks */,
			);
			sourceTree = "<group>";
		};
		C5ABA0601C13901F0066B859 /* Products */ = {
			isa = PBXGroup;
			children = (
				C5ABA05F1C13901F0066B859 /* Sky_Caramba.app */,
				C5ABA0761C13901F0066B859 /* Sky_CarambaTests.xctest */,
				C5ABA0811C13901F0066B859 /* Sky_CarambaUITests.xctest */,
			);
			name = Products;
			sourceTree = "<group>";
		};
		C5ABA0611C13901F0066B859 /* Sky_Caramba */ = {
			isa = PBXGroup;
			children = (
				C576E8B81C13DD880076EC68 /* Util */,
				C5ABA0BC1C13C1880066B859 /* Model */,
				C5ABA0AF1C13BB360066B859 /* Cell */,
				C5ABA09A1C1393F50066B859 /* View */,
				C5ABA0991C1393E20066B859 /* Controller */,
				C5ABA0621C13901F0066B859 /* AppDelegate.swift */,
				C5ABA0A91C13979C0066B859 /* UIViewController.swift */,
				C5ABA06C1C13901F0066B859 /* Assets.xcassets */,
				C5ABA0711C13901F0066B859 /* Info.plist */,
				C5ABA0691C13901F0066B859 /* Sky_Caramba.xcdatamodeld */,
			);
			path = Sky_Caramba;
			sourceTree = "<group>";
		};
		C5ABA0791C13901F0066B859 /* Sky_CarambaTests */ = {
			isa = PBXGroup;
			children = (
				C5ABA07A1C13901F0066B859 /* Sky_CarambaTests.swift */,
				C5ABA07C1C13901F0066B859 /* Info.plist */,
			);
			path = Sky_CarambaTests;
			sourceTree = "<group>";
		};
		C5ABA0841C13901F0066B859 /* Sky_CarambaUITests */ = {
			isa = PBXGroup;
			children = (
				C5ABA0851C13901F0066B859 /* Sky_CarambaUITests.swift */,
				C5ABA0871C13901F0066B859 /* Info.plist */,
			);
			path = Sky_CarambaUITests;
			sourceTree = "<group>";
		};
		C5ABA0991C1393E20066B859 /* Controller */ = {
			isa = PBXGroup;
			children = (
				C5ABA0A51C13971E0066B859 /* ConversationViewController.swift */,
				C5ABA0A11C1396F60066B859 /* HomeViewController.swift */,
				C5ABA0931C1392A60066B859 /* NavigationController.swift */,
			);
			name = Controller;
			sourceTree = "<group>";
		};
		C5ABA09A1C1393F50066B859 /* View */ = {
			isa = PBXGroup;
			children = (
				C5ABA0B71C13BF6C0066B859 /* MovieTableViewCell.xib */,
				C5ABA0A21C1396F60066B859 /* HomeViewController.xib */,
				C5ABA0A61C13971E0066B859 /* ConversationViewController.xib */,
			);
			name = View;
			sourceTree = "<group>";
		};
		C5ABA0AF1C13BB360066B859 /* Cell */ = {
			isa = PBXGroup;
			children = (
				C5ABA0B21C13BDEE0066B859 /* ConCellTableViewCell.swift */,
				C5ABA0B41C13BF380066B859 /* ResponseTableViewCell.swift */,
				C5ABA0B61C13BF6C0066B859 /* MovieTableViewCell.swift */,
			);
			name = Cell;
			sourceTree = "<group>";
		};
		C5ABA0BC1C13C1880066B859 /* Model */ = {
			isa = PBXGroup;
			children = (
				C5ABA0BA1C13C1840066B859 /* Data.swift */,
			);
			name = Model;
			sourceTree = "<group>";
		};
/* End PBXGroup section */

/* Begin PBXNativeTarget section */
		C5ABA05E1C13901F0066B859 /* Sky_Caramba */ = {
			isa = PBXNativeTarget;
			buildConfigurationList = C5ABA08A1C13901F0066B859 /* Build configuration list for PBXNativeTarget "Sky_Caramba" */;
			buildPhases = (
				2A80D072987C13A854C7FACF /* Check Pods Manifest.lock */,
				C5ABA05B1C13901F0066B859 /* Sources */,
				C5ABA05C1C13901F0066B859 /* Frameworks */,
				C5ABA05D1C13901F0066B859 /* Resources */,
				79B702D67BF9D881A2C1FB6A /* Embed Pods Frameworks */,
				52B3BF36CDE565C4E227C763 /* Copy Pods Resources */,
			);
			buildRules = (
			);
			dependencies = (
			);
			name = Sky_Caramba;
			productName = Sky_Caramba;
			productReference = C5ABA05F1C13901F0066B859 /* Sky_Caramba.app */;
			productType = "com.apple.product-type.application";
		};
		C5ABA0751C13901F0066B859 /* Sky_CarambaTests */ = {
			isa = PBXNativeTarget;
			buildConfigurationList = C5ABA08D1C13901F0066B859 /* Build configuration list for PBXNativeTarget "Sky_CarambaTests" */;
			buildPhases = (
				C5ABA0721C13901F0066B859 /* Sources */,
				C5ABA0731C13901F0066B859 /* Frameworks */,
				C5ABA0741C13901F0066B859 /* Resources */,
			);
			buildRules = (
			);
			dependencies = (
				C5ABA0781C13901F0066B859 /* PBXTargetDependency */,
			);
			name = Sky_CarambaTests;
			productName = Sky_CarambaTests;
			productReference = C5ABA0761C13901F0066B859 /* Sky_CarambaTests.xctest */;
			productType = "com.apple.product-type.bundle.unit-test";
		};
		C5ABA0801C13901F0066B859 /* Sky_CarambaUITests */ = {
			isa = PBXNativeTarget;
			buildConfigurationList = C5ABA0901C13901F0066B859 /* Build configuration list for PBXNativeTarget "Sky_CarambaUITests" */;
			buildPhases = (
				C5ABA07D1C13901F0066B859 /* Sources */,
				C5ABA07E1C13901F0066B859 /* Frameworks */,
				C5ABA07F1C13901F0066B859 /* Resources */,
			);
			buildRules = (
			);
			dependencies = (
				C5ABA0831C13901F0066B859 /* PBXTargetDependency */,
			);
			name = Sky_CarambaUITests;
			productName = Sky_CarambaUITests;
			productReference = C5ABA0811C13901F0066B859 /* Sky_CarambaUITests.xctest */;
			productType = "com.apple.product-type.bundle.ui-testing";
		};
/* End PBXNativeTarget section */

/* Begin PBXProject section */
		C5ABA0571C13901F0066B859 /* Project object */ = {
			isa = PBXProject;
			attributes = {
				LastSwiftUpdateCheck = 0710;
				LastUpgradeCheck = 0710;
				ORGANIZATIONNAME = BSiemieniuk;
				TargetAttributes = {
					C5ABA05E1C13901F0066B859 = {
						CreatedOnToolsVersion = 7.1.1;
					};
					C5ABA0751C13901F0066B859 = {
						CreatedOnToolsVersion = 7.1.1;
						TestTargetID = C5ABA05E1C13901F0066B859;
					};
					C5ABA0801C13901F0066B859 = {
						CreatedOnToolsVersion = 7.1.1;
						TestTargetID = C5ABA05E1C13901F0066B859;
					};
				};
			};
			buildConfigurationList = C5ABA05A1C13901F0066B859 /* Build configuration list for PBXProject "Sky_Caramba" */;
			compatibilityVersion = "Xcode 3.2";
			developmentRegion = English;
			hasScannedForEncodings = 0;
			knownRegions = (
				en,
				Base,
			);
			mainGroup = C5ABA0561C13901F0066B859;
			productRefGroup = C5ABA0601C13901F0066B859 /* Products */;
			projectDirPath = "";
			projectRoot = "";
			targets = (
				C5ABA05E1C13901F0066B859 /* Sky_Caramba */,
				C5ABA0751C13901F0066B859 /* Sky_CarambaTests */,
				C5ABA0801C13901F0066B859 /* Sky_CarambaUITests */,
			);
		};
/* End PBXProject section */

/* Begin PBXResourcesBuildPhase section */
		C5ABA05D1C13901F0066B859 /* Resources */ = {
			isa = PBXResourcesBuildPhase;
			buildActionMask = 2147483647;
			files = (
				C5ABA0A81C13971E0066B859 /* ConversationViewController.xib in Resources */,
				C5ABA06D1C13901F0066B859 /* Assets.xcassets in Resources */,
				C5ABA0B91C13BF6C0066B859 /* MovieTableViewCell.xib in Resources */,
				C5ABA0A41C1396F60066B859 /* HomeViewController.xib in Resources */,
			);
			runOnlyForDeploymentPostprocessing = 0;
		};
		C5ABA0741C13901F0066B859 /* Resources */ = {
			isa = PBXResourcesBuildPhase;
			buildActionMask = 2147483647;
			files = (
			);
			runOnlyForDeploymentPostprocessing = 0;
		};
		C5ABA07F1C13901F0066B859 /* Resources */ = {
			isa = PBXResourcesBuildPhase;
			buildActionMask = 2147483647;
			files = (
			);
			runOnlyForDeploymentPostprocessing = 0;
		};
/* End PBXResourcesBuildPhase section */

/* Begin PBXShellScriptBuildPhase section */
		2A80D072987C13A854C7FACF /* Check Pods Manifest.lock */ = {
			isa = PBXShellScriptBuildPhase;
			buildActionMask = 2147483647;
			files = (
			);
			inputPaths = (
			);
			name = "Check Pods Manifest.lock";
			outputPaths = (
			);
			runOnlyForDeploymentPostprocessing = 0;
			shellPath = /bin/sh;
			shellScript = "diff \"${PODS_ROOT}/../Podfile.lock\" \"${PODS_ROOT}/Manifest.lock\" > /dev/null\nif [[ $? != 0 ]] ; then\n    cat << EOM\nerror: The sandbox is not in sync with the Podfile.lock. Run 'pod install' or update your CocoaPods installation.\nEOM\n    exit 1\nfi\n";
			showEnvVarsInLog = 0;
		};
		52B3BF36CDE565C4E227C763 /* Copy Pods Resources */ = {
			isa = PBXShellScriptBuildPhase;
			buildActionMask = 2147483647;
			files = (
			);
			inputPaths = (
			);
			name = "Copy Pods Resources";
			outputPaths = (
			);
			runOnlyForDeploymentPostprocessing = 0;
			shellPath = /bin/sh;
			shellScript = "\"${SRCROOT}/Pods/Target Support Files/Pods-Sky_Caramba/Pods-Sky_Caramba-resources.sh\"\n";
			showEnvVarsInLog = 0;
		};
		79B702D67BF9D881A2C1FB6A /* Embed Pods Frameworks */ = {
			isa = PBXShellScriptBuildPhase;
			buildActionMask = 2147483647;
			files = (
			);
			inputPaths = (
			);
			name = "Embed Pods Frameworks";
			outputPaths = (
			);
			runOnlyForDeploymentPostprocessing = 0;
			shellPath = /bin/sh;
			shellScript = "\"${SRCROOT}/Pods/Target Support Files/Pods-Sky_Caramba/Pods-Sky_Caramba-frameworks.sh\"\n";
			showEnvVarsInLog = 0;
		};
/* End PBXShellScriptBuildPhase section */

/* Begin PBXSourcesBuildPhase section */
		C5ABA05B1C13901F0066B859 /* Sources */ = {
			isa = PBXSourcesBuildPhase;
			buildActionMask = 2147483647;
			files = (
				C576E8BA1C13DDA70076EC68 /* API.swift in Sources */,
				C5ABA0B51C13BF380066B859 /* ResponseTableViewCell.swift in Sources */,
				C5ABA0BB1C13C1840066B859 /* Data.swift in Sources */,
				C5ABA0B31C13BDEE0066B859 /* ConCellTableViewCell.swift in Sources */,
				C5ABA0B81C13BF6C0066B859 /* MovieTableViewCell.swift in Sources */,
				C576E8BE1C13DDFC0076EC68 /* WitWrapper.swift in Sources */,
				C5ABA06B1C13901F0066B859 /* Sky_Caramba.xcdatamodeld in Sources */,
				C576E8BC1C13DDD40076EC68 /* AudioRecorder.swift in Sources */,
				C5ABA0941C1392A60066B859 /* NavigationController.swift in Sources */,
				C5ABA0AA1C13979C0066B859 /* UIViewController.swift in Sources */,
				C576E8C01C13DE170076EC68 /* Logic.swift in Sources */,
				C5ABA0A71C13971E0066B859 /* ConversationViewController.swift in Sources */,
				C5ABA0631C13901F0066B859 /* AppDelegate.swift in Sources */,
				C5ABA0A31C1396F60066B859 /* HomeViewController.swift in Sources */,
			);
			runOnlyForDeploymentPostprocessing = 0;
		};
		C5ABA0721C13901F0066B859 /* Sources */ = {
			isa = PBXSourcesBuildPhase;
			buildActionMask = 2147483647;
			files = (
				C5ABA07B1C13901F0066B859 /* Sky_CarambaTests.swift in Sources */,
			);
			runOnlyForDeploymentPostprocessing = 0;
		};
		C5ABA07D1C13901F0066B859 /* Sources */ = {
			isa = PBXSourcesBuildPhase;
			buildActionMask = 2147483647;
			files = (
				C5ABA0861C13901F0066B859 /* Sky_CarambaUITests.swift in Sources */,
			);
			runOnlyForDeploymentPostprocessing = 0;
		};
/* End PBXSourcesBuildPhase section */

/* Begin PBXTargetDependency section */
		C5ABA0781C13901F0066B859 /* PBXTargetDependency */ = {
			isa = PBXTargetDependency;
			target = C5ABA05E1C13901F0066B859 /* Sky_Caramba */;
			targetProxy = C5ABA0771C13901F0066B859 /* PBXContainerItemProxy */;
		};
		C5ABA0831C13901F0066B859 /* PBXTargetDependency */ = {
			isa = PBXTargetDependency;
			target = C5ABA05E1C13901F0066B859 /* Sky_Caramba */;
			targetProxy = C5ABA0821C13901F0066B859 /* PBXContainerItemProxy */;
		};
/* End PBXTargetDependency section */

/* Begin XCBuildConfiguration section */
		C5ABA0881C13901F0066B859 /* Debug */ = {
			isa = XCBuildConfiguration;
			buildSettings = {
				ALWAYS_SEARCH_USER_PATHS = NO;
				CLANG_CXX_LANGUAGE_STANDARD = "gnu++0x";
				CLANG_CXX_LIBRARY = "libc++";
				CLANG_ENABLE_MODULES = YES;
				CLANG_ENABLE_OBJC_ARC = YES;
				CLANG_WARN_BOOL_CONVERSION = YES;
				CLANG_WARN_CONSTANT_CONVERSION = YES;
				CLANG_WARN_DIRECT_OBJC_ISA_USAGE = YES_ERROR;
				CLANG_WARN_EMPTY_BODY = YES;
				CLANG_WARN_ENUM_CONVERSION = YES;
				CLANG_WARN_INT_CONVERSION = YES;
				CLANG_WARN_OBJC_ROOT_CLASS = YES_ERROR;
				CLANG_WARN_UNREACHABLE_CODE = YES;
				CLANG_WARN__DUPLICATE_METHOD_MATCH = YES;
				"CODE_SIGN_IDENTITY[sdk=iphoneos*]" = "iPhone Developer";
				COPY_PHASE_STRIP = NO;
				DEBUG_INFORMATION_FORMAT = dwarf;
				ENABLE_STRICT_OBJC_MSGSEND = YES;
				ENABLE_TESTABILITY = YES;
				GCC_C_LANGUAGE_STANDARD = gnu99;
				GCC_DYNAMIC_NO_PIC = NO;
				GCC_NO_COMMON_BLOCKS = YES;
				GCC_OPTIMIZATION_LEVEL = 0;
				GCC_PREPROCESSOR_DEFINITIONS = (
					"DEBUG=1",
					"$(inherited)",
				);
				GCC_WARN_64_TO_32_BIT_CONVERSION = YES;
				GCC_WARN_ABOUT_RETURN_TYPE = YES_ERROR;
				GCC_WARN_UNDECLARED_SELECTOR = YES;
				GCC_WARN_UNINITIALIZED_AUTOS = YES_AGGRESSIVE;
				GCC_WARN_UNUSED_FUNCTION = YES;
				GCC_WARN_UNUSED_VARIABLE = YES;
				IPHONEOS_DEPLOYMENT_TARGET = 9.1;
				MTL_ENABLE_DEBUG_INFO = YES;
				ONLY_ACTIVE_ARCH = YES;
				SDKROOT = iphoneos;
				SWIFT_OPTIMIZATION_LEVEL = "-Onone";
			};
			name = Debug;
		};
		C5ABA0891C13901F0066B859 /* Release */ = {
			isa = XCBuildConfiguration;
			buildSettings = {
				ALWAYS_SEARCH_USER_PATHS = NO;
				CLANG_CXX_LANGUAGE_STANDARD = "gnu++0x";
				CLANG_CXX_LIBRARY = "libc++";
				CLANG_ENABLE_MODULES = YES;
				CLANG_ENABLE_OBJC_ARC = YES;
				CLANG_WARN_BOOL_CONVERSION = YES;
				CLANG_WARN_CONSTANT_CONVERSION = YES;
				CLANG_WARN_DIRECT_OBJC_ISA_USAGE = YES_ERROR;
				CLANG_WARN_EMPTY_BODY = YES;
				CLANG_WARN_ENUM_CONVERSION = YES;
				CLANG_WARN_INT_CONVERSION = YES;
				CLANG_WARN_OBJC_ROOT_CLASS = YES_ERROR;
				CLANG_WARN_UNREACHABLE_CODE = YES;
				CLANG_WARN__DUPLICATE_METHOD_MATCH = YES;
				"CODE_SIGN_IDENTITY[sdk=iphoneos*]" = "iPhone Developer";
				COPY_PHASE_STRIP = NO;
				DEBUG_INFORMATION_FORMAT = "dwarf-with-dsym";
				ENABLE_NS_ASSERTIONS = NO;
				ENABLE_STRICT_OBJC_MSGSEND = YES;
				GCC_C_LANGUAGE_STANDARD = gnu99;
				GCC_NO_COMMON_BLOCKS = YES;
				GCC_WARN_64_TO_32_BIT_CONVERSION = YES;
				GCC_WARN_ABOUT_RETURN_TYPE = YES_ERROR;
				GCC_WARN_UNDECLARED_SELECTOR = YES;
				GCC_WARN_UNINITIALIZED_AUTOS = YES_AGGRESSIVE;
				GCC_WARN_UNUSED_FUNCTION = YES;
				GCC_WARN_UNUSED_VARIABLE = YES;
				IPHONEOS_DEPLOYMENT_TARGET = 9.1;
				MTL_ENABLE_DEBUG_INFO = NO;
				SDKROOT = iphoneos;
				VALIDATE_PRODUCT = YES;
			};
			name = Release;
		};
		C5ABA08B1C13901F0066B859 /* Debug */ = {
			isa = XCBuildConfiguration;
			baseConfigurationReference = E2C00E7774843FCDDBBEEB93 /* Pods-Sky_Caramba.debug.xcconfig */;
			buildSettings = {
				ASSETCATALOG_COMPILER_APPICON_NAME = AppIcon;
				INFOPLIST_FILE = Sky_Caramba/Info.plist;
				LD_RUNPATH_SEARCH_PATHS = "$(inherited) @executable_path/Frameworks";
				PRODUCT_BUNDLE_IDENTIFIER = "BSiemieniuk.Sky-Caramba";
				PRODUCT_NAME = "$(TARGET_NAME)";
			};
			name = Debug;
		};
		C5ABA08C1C13901F0066B859 /* Release */ = {
			isa = XCBuildConfiguration;
			baseConfigurationReference = 108725444CB0BA5CCEB93B9D /* Pods-Sky_Caramba.release.xcconfig */;
			buildSettings = {
				ASSETCATALOG_COMPILER_APPICON_NAME = AppIcon;
				INFOPLIST_FILE = Sky_Caramba/Info.plist;
				LD_RUNPATH_SEARCH_PATHS = "$(inherited) @executable_path/Frameworks";
				PRODUCT_BUNDLE_IDENTIFIER = "BSiemieniuk.Sky-Caramba";
				PRODUCT_NAME = "$(TARGET_NAME)";
			};
			name = Release;
		};
		C5ABA08E1C13901F0066B859 /* Debug */ = {
			isa = XCBuildConfiguration;
			buildSettings = {
				BUNDLE_LOADER = "$(TEST_HOST)";
				INFOPLIST_FILE = Sky_CarambaTests/Info.plist;
				LD_RUNPATH_SEARCH_PATHS = "$(inherited) @executable_path/Frameworks @loader_path/Frameworks";
				PRODUCT_BUNDLE_IDENTIFIER = "BSiemieniuk.Sky-CarambaTests";
				PRODUCT_NAME = "$(TARGET_NAME)";
				TEST_HOST = "$(BUILT_PRODUCTS_DIR)/Sky_Caramba.app/Sky_Caramba";
			};
			name = Debug;
		};
		C5ABA08F1C13901F0066B859 /* Release */ = {
			isa = XCBuildConfiguration;
			buildSettings = {
				BUNDLE_LOADER = "$(TEST_HOST)";
				INFOPLIST_FILE = Sky_CarambaTests/Info.plist;
				LD_RUNPATH_SEARCH_PATHS = "$(inherited) @executable_path/Frameworks @loader_path/Frameworks";
				PRODUCT_BUNDLE_IDENTIFIER = "BSiemieniuk.Sky-CarambaTests";
				PRODUCT_NAME = "$(TARGET_NAME)";
				TEST_HOST = "$(BUILT_PRODUCTS_DIR)/Sky_Caramba.app/Sky_Caramba";
			};
			name = Release;
		};
		C5ABA0911C13901F0066B859 /* Debug */ = {
			isa = XCBuildConfiguration;
			buildSettings = {
				INFOPLIST_FILE = Sky_CarambaUITests/Info.plist;
				LD_RUNPATH_SEARCH_PATHS = "$(inherited) @executable_path/Frameworks @loader_path/Frameworks";
				PRODUCT_BUNDLE_IDENTIFIER = "BSiemieniuk.Sky-CarambaUITests";
				PRODUCT_NAME = "$(TARGET_NAME)";
				TEST_TARGET_NAME = Sky_Caramba;
				USES_XCTRUNNER = YES;
			};
			name = Debug;
		};
		C5ABA0921C13901F0066B859 /* Release */ = {
			isa = XCBuildConfiguration;
			buildSettings = {
				INFOPLIST_FILE = Sky_CarambaUITests/Info.plist;
				LD_RUNPATH_SEARCH_PATHS = "$(inherited) @executable_path/Frameworks @loader_path/Frameworks";
				PRODUCT_BUNDLE_IDENTIFIER = "BSiemieniuk.Sky-CarambaUITests";
				PRODUCT_NAME = "$(TARGET_NAME)";
				TEST_TARGET_NAME = Sky_Caramba;
				USES_XCTRUNNER = YES;
			};
			name = Release;
		};
/* End XCBuildConfiguration section */

/* Begin XCConfigurationList section */
		C5ABA05A1C13901F0066B859 /* Build configuration list for PBXProject "Sky_Caramba" */ = {
			isa = XCConfigurationList;
			buildConfigurations = (
				C5ABA0881C13901F0066B859 /* Debug */,
				C5ABA0891C13901F0066B859 /* Release */,
			);
			defaultConfigurationIsVisible = 0;
			defaultConfigurationName = Release;
		};
		C5ABA08A1C13901F0066B859 /* Build configuration list for PBXNativeTarget "Sky_Caramba" */ = {
			isa = XCConfigurationList;
			buildConfigurations = (
				C5ABA08B1C13901F0066B859 /* Debug */,
				C5ABA08C1C13901F0066B859 /* Release */,
			);
			defaultConfigurationIsVisible = 0;
			defaultConfigurationName = Release;
		};
		C5ABA08D1C13901F0066B859 /* Build configuration list for PBXNativeTarget "Sky_CarambaTests" */ = {
			isa = XCConfigurationList;
			buildConfigurations = (
				C5ABA08E1C13901F0066B859 /* Debug */,
				C5ABA08F1C13901F0066B859 /* Release */,
			);
			defaultConfigurationIsVisible = 0;
			defaultConfigurationName = Release;
		};
		C5ABA0901C13901F0066B859 /* Build configuration list for PBXNativeTarget "Sky_CarambaUITests" */ = {
			isa = XCConfigurationList;
			buildConfigurations = (
				C5ABA0911C13901F0066B859 /* Debug */,
				C5ABA0921C13901F0066B859 /* Release */,
			);
			defaultConfigurationIsVisible = 0;
			defaultConfigurationName = Release;
		};
/* End XCConfigurationList section */

/* Begin XCVersionGroup section */
		C5ABA0691C13901F0066B859 /* Sky_Caramba.xcdatamodeld */ = {
			isa = XCVersionGroup;
			children = (
				C5ABA06A1C13901F0066B859 /* Sky_Caramba.xcdatamodel */,
			);
			currentVersion = C5ABA06A1C13901F0066B859 /* Sky_Caramba.xcdatamodel */;
			path = Sky_Caramba.xcdatamodeld;
			sourceTree = "<group>";
			versionGroupType = wrapper.xcdatamodel;
		};
/* End XCVersionGroup section */
	};
	rootObject = C5ABA0571C13901F0066B859 /* Project object */;
}
